
Microsoft Visual Studio Solution File, Format Version 11.00
# Visual Studio 2010
Project("{159641D6-6404-4A2A-AE62-294DE0FE8301}") = "TCFlowETL_v", "TCFlowETL_v.dtproj", "{9AB4AB35-1C60-4A6D-9367-0185AA70584E}"
EndProject
Global
	GlobalSection(SolutionConfigurationPlatforms) = preSolution
		Development|Default = Development|Default
	EndGlobalSection
	GlobalSection(ProjectConfigurationPlatforms) = postSolution
		{9AB4AB35-1C60-4A6D-9367-0185AA70584E}.Development|Default.ActiveCfg = Development
		{9AB4AB35-1C60-4A6D-9367-0185AA70584E}.Development|Default.Build.0 = Development
	EndGlobalSection
	GlobalSection(SolutionProperties) = preSolution
		HideSolutionNode = FALSE
	EndGlobalSection
EndGlobal
